
Microsoft Visual Studio Solution File, Format Version 12.00
# Visual Studio Version 17
VisualStudioVersion = 17.7.34202.233
MinimumVisualStudioVersion = 10.0.40219.1
Project("{FAE04EC0-301F-11D3-BF4B-00C04F79EFBC}") = "Academy.App", "Academy.App\Academy.App.csproj", "{8E7EF79C-A798-4E8B-A95C-6F66933E95FF}"
EndProject
Project("{FAE04EC0-301F-11D3-BF4B-00C04F79EFBC}") = "Academy.Core", "Academy.Core\Academy.Core.csproj", "{3BA9EAF6-4E20-4EE1-84E6-BCD61D3ACE7D}"
EndProject
Project("{FAE04EC0-301F-11D3-BF4B-00C04F79EFBC}") = "Academy.Data", "Academy.Data\Academy.Data.csproj", "{E9EFFB7A-D515-4C91-878F-98DBBEFB9478}"
EndProject
Project("{FAE04EC0-301F-11D3-BF4B-00C04F79EFBC}") = "Academy.Service", "Academy.Service\Academy.Service.csproj", "{89AC4817-F39C-4BA1-90C8-3E78557CD5AE}"
EndProject
Global
	GlobalSection(SolutionConfigurationPlatforms) = preSolution
		Debug|Any CPU = Debug|Any CPU
		Release|Any CPU = Release|Any CPU
	EndGlobalSection
	GlobalSection(ProjectConfigurationPlatforms) = postSolution
		{8E7EF79C-A798-4E8B-A95C-6F66933E95FF}.Debug|Any CPU.ActiveCfg = Debug|Any CPU
		{8E7EF79C-A798-4E8B-A95C-6F66933E95FF}.Debug|Any CPU.Build.0 = Debug|Any CPU
		{8E7EF79C-A798-4E8B-A95C-6F66933E95FF}.Release|Any CPU.ActiveCfg = Release|Any CPU
		{8E7EF79C-A798-4E8B-A95C-6F66933E95FF}.Release|Any CPU.Build.0 = Release|Any CPU
		{3BA9EAF6-4E20-4EE1-84E6-BCD61D3ACE7D}.Debug|Any CPU.ActiveCfg = Debug|Any CPU
		{3BA9EAF6-4E20-4EE1-84E6-BCD61D3ACE7D}.Debug|Any CPU.Build.0 = Debug|Any CPU
		{3BA9EAF6-4E20-4EE1-84E6-BCD61D3ACE7D}.Release|Any CPU.ActiveCfg = Release|Any CPU
		{3BA9EAF6-4E20-4EE1-84E6-BCD61D3ACE7D}.Release|Any CPU.Build.0 = Release|Any CPU
		{E9EFFB7A-D515-4C91-878F-98DBBEFB9478}.Debug|Any CPU.ActiveCfg = Debug|Any CPU
		{E9EFFB7A-D515-4C91-878F-98DBBEFB9478}.Debug|Any CPU.Build.0 = Debug|Any CPU
		{E9EFFB7A-D515-4C91-878F-98DBBEFB9478}.Release|Any CPU.ActiveCfg = Release|Any CPU
		{E9EFFB7A-D515-4C91-878F-98DBBEFB9478}.Release|Any CPU.Build.0 = Release|Any CPU
		{89AC4817-F39C-4BA1-90C8-3E78557CD5AE}.Debug|Any CPU.ActiveCfg = Debug|Any CPU
		{89AC4817-F39C-4BA1-90C8-3E78557CD5AE}.Debug|Any CPU.Build.0 = Debug|Any CPU
		{89AC4817-F39C-4BA1-90C8-3E78557CD5AE}.Release|Any CPU.ActiveCfg = Release|Any CPU
		{89AC4817-F39C-4BA1-90C8-3E78557CD5AE}.Release|Any CPU.Build.0 = Release|Any CPU
	EndGlobalSection
	GlobalSection(SolutionProperties) = preSolution
		HideSolutionNode = FALSE
	EndGlobalSection
	GlobalSection(ExtensibilityGlobals) = postSolution
		SolutionGuid = {3E082E1E-E4F3-46F9-AF7E-916F34E572BA}
	EndGlobalSection
EndGlobal
